
Microsoft Visual Studio Solution File, Format Version 12.00
# Visual Studio Version 17
VisualStudioVersion = 17.0.32014.148
MinimumVisualStudioVersion = 10.0.40219.1
Project("{9A19103F-16F7-4668-BE54-9A1E7A4F7556}") = "GuessingGame", "..\GuessingGame\GuessingGame.csproj", "{486A706E-893B-4A26-8F79-EF7C8C39853B}"
EndProject
Project("{9A19103F-16F7-4668-BE54-9A1E7A4F7556}") = "SumOrMultiple", "..\SumOrMultiple\SumOrMultiple.csproj", "{AD5826A3-20D3-4CCE-832E-097A4A7F9AED}"
EndProject
Project("{9A19103F-16F7-4668-BE54-9A1E7A4F7556}") = "LeapYears", "..\LeapYears\LeapYears.csproj", "{60934B37-B02C-418B-9891-2C7D187D7DCB}"
EndProject
Project("{9A19103F-16F7-4668-BE54-9A1E7A4F7556}") = "PrintWordsInRectangle", "..\PrintWordsInRectangle\PrintWordsInRectangle.csproj", "{8F672CB2-5B98-4CF8-9CAA-02F475CD437C}"
EndProject
Project("{9A19103F-16F7-4668-BE54-9A1E7A4F7556}") = "TextEncoder", "..\TextEncoder\TextEncoder.csproj", "{82422AD3-9327-4EB8-915C-353BDEF8622B}"
EndProject
Project("{9A19103F-16F7-4668-BE54-9A1E7A4F7556}") = "Homeworks2", "Homeworks2\Homeworks2.csproj", "{1CAF8FA2-EAAA-499F-A709-7F13289292DB}"
EndProject
Project("{9A19103F-16F7-4668-BE54-9A1E7A4F7556}") = "Homeworks3", "Homeworks3\Homeworks3.csproj", "{B0944F8C-B143-42D5-ABFF-C4D02CC507B9}"
EndProject
Project("{9A19103F-16F7-4668-BE54-9A1E7A4F7556}") = "Homeworks4", "Homeworks4\Homeworks4.csproj", "{BBFD8E6D-0DA4-4957-8DD0-A4CE067A86BE}"
EndProject
Project("{9A19103F-16F7-4668-BE54-9A1E7A4F7556}") = "JsonSerialize", "JsonSerialize\JsonSerialize.csproj", "{A3B57AB9-780D-4703-9BCA-EB3229E69F6C}"
EndProject
Project("{2150E333-8FDC-42A3-9474-1A3956D46DE8}") = "ACA_homeworks", "ACA_homeworks", "{955730C2-7BF5-4102-AC14-7190F233C77C}"
EndProject
Project("{2150E333-8FDC-42A3-9474-1A3956D46DE8}") = "ITVDN_homework", "ITVDN_homework", "{9049AB0D-F215-4E62-8EFA-90D5D9A01A10}"
EndProject
Project("{2150E333-8FDC-42A3-9474-1A3956D46DE8}") = "csharp_professional", "csharp_professional", "{C3C8C7AD-94B7-4FB8-94FC-CE91BBBBE7C6}"
EndProject
Project("{9A19103F-16F7-4668-BE54-9A1E7A4F7556}") = "Lesson1_1_Months", "Lesson1.1\Lesson1_1_Months.csproj", "{62FA19B9-9238-41AB-BE24-369401370A07}"
EndProject
Project("{9A19103F-16F7-4668-BE54-9A1E7A4F7556}") = "Lesson1_2_Citizens", "Lesson1_2\Lesson1_2_Citizens.csproj", "{6AB8E8C8-5762-472E-8BD3-58B442BF42FF}"
EndProject
Project("{9A19103F-16F7-4668-BE54-9A1E7A4F7556}") = "Lesson12_0", "Lesson_12_0\Lesson12_0.csproj", "{04A75595-B658-4AC3-9727-D7B88ABA7BF8}"
EndProject
Project("{FAE04EC0-301F-11D3-BF4B-00C04F79EFBC}") = "Lesson2_0_Additional_Task_SortedList", "Lesson2_0_Additional_Task_SortedList\Lesson2_0_Additional_Task_SortedList.csproj", "{9DBB56F6-38B5-430B-81F8-72E4924D0DFF}"
EndProject
Project("{9A19103F-16F7-4668-BE54-9A1E7A4F7556}") = "Lesson2_2_Customers", "Lesson2_1_Buyers\Lesson2_2_Customers.csproj", "{DA2C2059-2458-4014-8E6F-C09F9024D96D}"
EndProject
Project("{FAE04EC0-301F-11D3-BF4B-00C04F79EFBC}") = "Lesson2_3_Account", "Lesson2_3_Account\Lesson2_3_Account.csproj", "{3A7E40EB-F87D-47A6-B1BD-1AABA3F904DF}"
EndProject
Project("{FAE04EC0-301F-11D3-BF4B-00C04F79EFBC}") = "Lesson2_4_OrderedDictionary", "Lesson2_4_OrderDictionary\Lesson2_4_OrderedDictionary.csproj", "{EC715E04-5EB8-4267-95AE-55628E8A638C}"
EndProject
Project("{FAE04EC0-301F-11D3-BF4B-00C04F79EFBC}") = "Lesson3_0_additional_Task_Create_folders", "Lesson3_0_additional_Task_Create_folders\Lesson3_0_additional_Task_Create_folders.csproj", "{E5A0EF1D-2788-4EC1-ACB0-1A2C4F1560B0}"
EndProject
Project("{FAE04EC0-301F-11D3-BF4B-00C04F79EFBC}") = "Lesson3_2_create_write_read_FIle", "Lesson_3_2_create_write_read_FIle\Lesson3_2_create_write_read_FIle.csproj", "{B150D2C4-CE07-4849-A777-4D27AE998363}"
EndProject
Project("{FAE04EC0-301F-11D3-BF4B-00C04F79EFBC}") = "Lesson3_3_Search_file", "Lesson3_3_Search_file\Lesson3_3_Search_file.csproj", "{A8EF7201-B208-4562-A7B9-FF5ECCF06983}"
EndProject
Project("{FAE04EC0-301F-11D3-BF4B-00C04F79EFBC}") = "Lesson3_4_IsolatedStorage", "Lesson3_4_IsolatedStorage\Lesson3_4_IsolatedStorage.csproj", "{73BBC71B-BFE3-45B0-9483-D161F0463735}"
EndProject
Project("{FAE04EC0-301F-11D3-BF4B-00C04F79EFBC}") = "Leeson4_1", "Leeson4_1\Leeson4_1.csproj", "{F7517F7F-E597-4464-B3DE-197A01126D2A}"
EndProject
Project("{2150E333-8FDC-42A3-9474-1A3956D46DE8}") = "csharp_asyncronous", "csharp_asyncronous", "{5153A33D-A29A-4D53-89FE-7A05A4014782}"
EndProject
Project("{9A19103F-16F7-4668-BE54-9A1E7A4F7556}") = "Lesson1_0", "ConsoleApp2\Lesson1_0.csproj", "{C8CB609D-3329-441B-83E6-D8E690372281}"
EndProject
Global
	GlobalSection(SolutionConfigurationPlatforms) = preSolution
		Debug|Any CPU = Debug|Any CPU
		Release|Any CPU = Release|Any CPU
	EndGlobalSection
	GlobalSection(ProjectConfigurationPlatforms) = postSolution
		{486A706E-893B-4A26-8F79-EF7C8C39853B}.Debug|Any CPU.ActiveCfg = Debug|Any CPU
		{486A706E-893B-4A26-8F79-EF7C8C39853B}.Debug|Any CPU.Build.0 = Debug|Any CPU
		{486A706E-893B-4A26-8F79-EF7C8C39853B}.Release|Any CPU.ActiveCfg = Release|Any CPU
		{486A706E-893B-4A26-8F79-EF7C8C39853B}.Release|Any CPU.Build.0 = Release|Any CPU
		{AD5826A3-20D3-4CCE-832E-097A4A7F9AED}.Debug|Any CPU.ActiveCfg = Debug|Any CPU
		{AD5826A3-20D3-4CCE-832E-097A4A7F9AED}.Debug|Any CPU.Build.0 = Debug|Any CPU
		{AD5826A3-20D3-4CCE-832E-097A4A7F9AED}.Release|Any CPU.ActiveCfg = Release|Any CPU
		{AD5826A3-20D3-4CCE-832E-097A4A7F9AED}.Release|Any CPU.Build.0 = Release|Any CPU
		{60934B37-B02C-418B-9891-2C7D187D7DCB}.Debug|Any CPU.ActiveCfg = Debug|Any CPU
		{60934B37-B02C-418B-9891-2C7D187D7DCB}.Debug|Any CPU.Build.0 = Debug|Any CPU
		{60934B37-B02C-418B-9891-2C7D187D7DCB}.Release|Any CPU.ActiveCfg = Release|Any CPU
		{60934B37-B02C-418B-9891-2C7D187D7DCB}.Release|Any CPU.Build.0 = Release|Any CPU
		{8F672CB2-5B98-4CF8-9CAA-02F475CD437C}.Debug|Any CPU.ActiveCfg = Debug|Any CPU
		{8F672CB2-5B98-4CF8-9CAA-02F475CD437C}.Debug|Any CPU.Build.0 = Debug|Any CPU
		{8F672CB2-5B98-4CF8-9CAA-02F475CD437C}.Release|Any CPU.ActiveCfg = Release|Any CPU
		{8F672CB2-5B98-4CF8-9CAA-02F475CD437C}.Release|Any CPU.Build.0 = Release|Any CPU
		{82422AD3-9327-4EB8-915C-353BDEF8622B}.Debug|Any CPU.ActiveCfg = Debug|Any CPU
		{82422AD3-9327-4EB8-915C-353BDEF8622B}.Debug|Any CPU.Build.0 = Debug|Any CPU
		{82422AD3-9327-4EB8-915C-353BDEF8622B}.Release|Any CPU.ActiveCfg = Release|Any CPU
		{82422AD3-9327-4EB8-915C-353BDEF8622B}.Release|Any CPU.Build.0 = Release|Any CPU
		{1CAF8FA2-EAAA-499F-A709-7F13289292DB}.Debug|Any CPU.ActiveCfg = Debug|Any CPU
		{1CAF8FA2-EAAA-499F-A709-7F13289292DB}.Debug|Any CPU.Build.0 = Debug|Any CPU
		{1CAF8FA2-EAAA-499F-A709-7F13289292DB}.Release|Any CPU.ActiveCfg = Release|Any CPU
		{1CAF8FA2-EAAA-499F-A709-7F13289292DB}.Release|Any CPU.Build.0 = Release|Any CPU
		{B0944F8C-B143-42D5-ABFF-C4D02CC507B9}.Debug|Any CPU.ActiveCfg = Debug|Any CPU
		{B0944F8C-B143-42D5-ABFF-C4D02CC507B9}.Debug|Any CPU.Build.0 = Debug|Any CPU
		{B0944F8C-B143-42D5-ABFF-C4D02CC507B9}.Release|Any CPU.ActiveCfg = Release|Any CPU
		{B0944F8C-B143-42D5-ABFF-C4D02CC507B9}.Release|Any CPU.Build.0 = Release|Any CPU
		{BBFD8E6D-0DA4-4957-8DD0-A4CE067A86BE}.Debug|Any CPU.ActiveCfg = Debug|Any CPU
		{BBFD8E6D-0DA4-4957-8DD0-A4CE067A86BE}.Debug|Any CPU.Build.0 = Debug|Any CPU
		{BBFD8E6D-0DA4-4957-8DD0-A4CE067A86BE}.Release|Any CPU.ActiveCfg = Release|Any CPU
		{BBFD8E6D-0DA4-4957-8DD0-A4CE067A86BE}.Release|Any CPU.Build.0 = Release|Any CPU
		{A3B57AB9-780D-4703-9BCA-EB3229E69F6C}.Debug|Any CPU.ActiveCfg = Debug|Any CPU
		{A3B57AB9-780D-4703-9BCA-EB3229E69F6C}.Debug|Any CPU.Build.0 = Debug|Any CPU
		{A3B57AB9-780D-4703-9BCA-EB3229E69F6C}.Release|Any CPU.ActiveCfg = Release|Any CPU
		{A3B57AB9-780D-4703-9BCA-EB3229E69F6C}.Release|Any CPU.Build.0 = Release|Any CPU
		{62FA19B9-9238-41AB-BE24-369401370A07}.Debug|Any CPU.ActiveCfg = Debug|Any CPU
		{62FA19B9-9238-41AB-BE24-369401370A07}.Debug|Any CPU.Build.0 = Debug|Any CPU
		{62FA19B9-9238-41AB-BE24-369401370A07}.Release|Any CPU.ActiveCfg = Release|Any CPU
		{62FA19B9-9238-41AB-BE24-369401370A07}.Release|Any CPU.Build.0 = Release|Any CPU
		{6AB8E8C8-5762-472E-8BD3-58B442BF42FF}.Debug|Any CPU.ActiveCfg = Debug|Any CPU
		{6AB8E8C8-5762-472E-8BD3-58B442BF42FF}.Debug|Any CPU.Build.0 = Debug|Any CPU
		{6AB8E8C8-5762-472E-8BD3-58B442BF42FF}.Release|Any CPU.ActiveCfg = Release|Any CPU
		{6AB8E8C8-5762-472E-8BD3-58B442BF42FF}.Release|Any CPU.Build.0 = Release|Any CPU
		{04A75595-B658-4AC3-9727-D7B88ABA7BF8}.Debug|Any CPU.ActiveCfg = Debug|Any CPU
		{04A75595-B658-4AC3-9727-D7B88ABA7BF8}.Debug|Any CPU.Build.0 = Debug|Any CPU
		{04A75595-B658-4AC3-9727-D7B88ABA7BF8}.Release|Any CPU.ActiveCfg = Release|Any CPU
		{04A75595-B658-4AC3-9727-D7B88ABA7BF8}.Release|Any CPU.Build.0 = Release|Any CPU
		{9DBB56F6-38B5-430B-81F8-72E4924D0DFF}.Debug|Any CPU.ActiveCfg = Debug|Any CPU
		{9DBB56F6-38B5-430B-81F8-72E4924D0DFF}.Debug|Any CPU.Build.0 = Debug|Any CPU
		{9DBB56F6-38B5-430B-81F8-72E4924D0DFF}.Release|Any CPU.ActiveCfg = Release|Any CPU
		{9DBB56F6-38B5-430B-81F8-72E4924D0DFF}.Release|Any CPU.Build.0 = Release|Any CPU
		{DA2C2059-2458-4014-8E6F-C09F9024D96D}.Debug|Any CPU.ActiveCfg = Debug|Any CPU
		{DA2C2059-2458-4014-8E6F-C09F9024D96D}.Debug|Any CPU.Build.0 = Debug|Any CPU
		{DA2C2059-2458-4014-8E6F-C09F9024D96D}.Release|Any CPU.ActiveCfg = Release|Any CPU
		{DA2C2059-2458-4014-8E6F-C09F9024D96D}.Release|Any CPU.Build.0 = Release|Any CPU
		{3A7E40EB-F87D-47A6-B1BD-1AABA3F904DF}.Debug|Any CPU.ActiveCfg = Debug|Any CPU
		{3A7E40EB-F87D-47A6-B1BD-1AABA3F904DF}.Debug|Any CPU.Build.0 = Debug|Any CPU
		{3A7E40EB-F87D-47A6-B1BD-1AABA3F904DF}.Release|Any CPU.ActiveCfg = Release|Any CPU
		{3A7E40EB-F87D-47A6-B1BD-1AABA3F904DF}.Release|Any CPU.Build.0 = Release|Any CPU
		{EC715E04-5EB8-4267-95AE-55628E8A638C}.Debug|Any CPU.ActiveCfg = Debug|Any CPU
		{EC715E04-5EB8-4267-95AE-55628E8A638C}.Debug|Any CPU.Build.0 = Debug|Any CPU
		{EC715E04-5EB8-4267-95AE-55628E8A638C}.Release|Any CPU.ActiveCfg = Release|Any CPU
		{EC715E04-5EB8-4267-95AE-55628E8A638C}.Release|Any CPU.Build.0 = Release|Any CPU
		{E5A0EF1D-2788-4EC1-ACB0-1A2C4F1560B0}.Debug|Any CPU.ActiveCfg = Debug|Any CPU
		{E5A0EF1D-2788-4EC1-ACB0-1A2C4F1560B0}.Debug|Any CPU.Build.0 = Debug|Any CPU
		{E5A0EF1D-2788-4EC1-ACB0-1A2C4F1560B0}.Release|Any CPU.ActiveCfg = Release|Any CPU
		{E5A0EF1D-2788-4EC1-ACB0-1A2C4F1560B0}.Release|Any CPU.Build.0 = Release|Any CPU
		{B150D2C4-CE07-4849-A777-4D27AE998363}.Debug|Any CPU.ActiveCfg = Debug|Any CPU
		{B150D2C4-CE07-4849-A777-4D27AE998363}.Debug|Any CPU.Build.0 = Debug|Any CPU
		{B150D2C4-CE07-4849-A777-4D27AE998363}.Release|Any CPU.ActiveCfg = Release|Any CPU
		{B150D2C4-CE07-4849-A777-4D27AE998363}.Release|Any CPU.Build.0 = Release|Any CPU
		{A8EF7201-B208-4562-A7B9-FF5ECCF06983}.Debug|Any CPU.ActiveCfg = Debug|Any CPU
		{A8EF7201-B208-4562-A7B9-FF5ECCF06983}.Debug|Any CPU.Build.0 = Debug|Any CPU
		{A8EF7201-B208-4562-A7B9-FF5ECCF06983}.Release|Any CPU.ActiveCfg = Release|Any CPU
		{A8EF7201-B208-4562-A7B9-FF5ECCF06983}.Release|Any CPU.Build.0 = Release|Any CPU
		{73BBC71B-BFE3-45B0-9483-D161F0463735}.Debug|Any CPU.ActiveCfg = Debug|Any CPU
		{73BBC71B-BFE3-45B0-9483-D161F0463735}.Debug|Any CPU.Build.0 = Debug|Any CPU
		{73BBC71B-BFE3-45B0-9483-D161F0463735}.Release|Any CPU.ActiveCfg = Release|Any CPU
		{73BBC71B-BFE3-45B0-9483-D161F0463735}.Release|Any CPU.Build.0 = Release|Any CPU
		{F7517F7F-E597-4464-B3DE-197A01126D2A}.Debug|Any CPU.ActiveCfg = Debug|Any CPU
		{F7517F7F-E597-4464-B3DE-197A01126D2A}.Debug|Any CPU.Build.0 = Debug|Any CPU
		{F7517F7F-E597-4464-B3DE-197A01126D2A}.Release|Any CPU.ActiveCfg = Release|Any CPU
		{F7517F7F-E597-4464-B3DE-197A01126D2A}.Release|Any CPU.Build.0 = Release|Any CPU
		{C8CB609D-3329-441B-83E6-D8E690372281}.Debug|Any CPU.ActiveCfg = Debug|Any CPU
		{C8CB609D-3329-441B-83E6-D8E690372281}.Debug|Any CPU.Build.0 = Debug|Any CPU
		{C8CB609D-3329-441B-83E6-D8E690372281}.Release|Any CPU.ActiveCfg = Release|Any CPU
		{C8CB609D-3329-441B-83E6-D8E690372281}.Release|Any CPU.Build.0 = Release|Any CPU
	EndGlobalSection
	GlobalSection(SolutionProperties) = preSolution
		HideSolutionNode = FALSE
	EndGlobalSection
	GlobalSection(NestedProjects) = preSolution
		{486A706E-893B-4A26-8F79-EF7C8C39853B} = {955730C2-7BF5-4102-AC14-7190F233C77C}
		{AD5826A3-20D3-4CCE-832E-097A4A7F9AED} = {955730C2-7BF5-4102-AC14-7190F233C77C}
		{60934B37-B02C-418B-9891-2C7D187D7DCB} = {955730C2-7BF5-4102-AC14-7190F233C77C}
		{8F672CB2-5B98-4CF8-9CAA-02F475CD437C} = {955730C2-7BF5-4102-AC14-7190F233C77C}
		{82422AD3-9327-4EB8-915C-353BDEF8622B} = {955730C2-7BF5-4102-AC14-7190F233C77C}
		{1CAF8FA2-EAAA-499F-A709-7F13289292DB} = {955730C2-7BF5-4102-AC14-7190F233C77C}
		{B0944F8C-B143-42D5-ABFF-C4D02CC507B9} = {955730C2-7BF5-4102-AC14-7190F233C77C}
		{BBFD8E6D-0DA4-4957-8DD0-A4CE067A86BE} = {955730C2-7BF5-4102-AC14-7190F233C77C}
		{A3B57AB9-780D-4703-9BCA-EB3229E69F6C} = {955730C2-7BF5-4102-AC14-7190F233C77C}
		{C3C8C7AD-94B7-4FB8-94FC-CE91BBBBE7C6} = {9049AB0D-F215-4E62-8EFA-90D5D9A01A10}
		{62FA19B9-9238-41AB-BE24-369401370A07} = {C3C8C7AD-94B7-4FB8-94FC-CE91BBBBE7C6}
		{6AB8E8C8-5762-472E-8BD3-58B442BF42FF} = {C3C8C7AD-94B7-4FB8-94FC-CE91BBBBE7C6}
		{04A75595-B658-4AC3-9727-D7B88ABA7BF8} = {C3C8C7AD-94B7-4FB8-94FC-CE91BBBBE7C6}
		{9DBB56F6-38B5-430B-81F8-72E4924D0DFF} = {C3C8C7AD-94B7-4FB8-94FC-CE91BBBBE7C6}
		{DA2C2059-2458-4014-8E6F-C09F9024D96D} = {C3C8C7AD-94B7-4FB8-94FC-CE91BBBBE7C6}
		{3A7E40EB-F87D-47A6-B1BD-1AABA3F904DF} = {C3C8C7AD-94B7-4FB8-94FC-CE91BBBBE7C6}
		{EC715E04-5EB8-4267-95AE-55628E8A638C} = {C3C8C7AD-94B7-4FB8-94FC-CE91BBBBE7C6}
		{E5A0EF1D-2788-4EC1-ACB0-1A2C4F1560B0} = {C3C8C7AD-94B7-4FB8-94FC-CE91BBBBE7C6}
		{B150D2C4-CE07-4849-A777-4D27AE998363} = {C3C8C7AD-94B7-4FB8-94FC-CE91BBBBE7C6}
		{A8EF7201-B208-4562-A7B9-FF5ECCF06983} = {C3C8C7AD-94B7-4FB8-94FC-CE91BBBBE7C6}
		{73BBC71B-BFE3-45B0-9483-D161F0463735} = {C3C8C7AD-94B7-4FB8-94FC-CE91BBBBE7C6}
		{F7517F7F-E597-4464-B3DE-197A01126D2A} = {C3C8C7AD-94B7-4FB8-94FC-CE91BBBBE7C6}
		{5153A33D-A29A-4D53-89FE-7A05A4014782} = {9049AB0D-F215-4E62-8EFA-90D5D9A01A10}
		{C8CB609D-3329-441B-83E6-D8E690372281} = {5153A33D-A29A-4D53-89FE-7A05A4014782}
	EndGlobalSection
	GlobalSection(ExtensibilityGlobals) = postSolution
		SolutionGuid = {AACFCEC3-3FF1-4194-AD66-69586F1156F3}
	EndGlobalSection
EndGlobal
